
Microsoft Visual Studio Solution File, Format Version 12.00
# Visual Studio Version 17
VisualStudioVersion = 17.8.34511.84
MinimumVisualStudioVersion = 10.0.40219.1
Project("{FAE04EC0-301F-11D3-BF4B-00C04F79EFBC}") = "RussianRoulette", "RussianRoulette\RussianRoulette.csproj", "{376FA8AF-BB49-4B6C-A89D-DF326A48552B}"
EndProject
Global
	GlobalSection(SolutionConfigurationPlatforms) = preSolution
		Debug|Any CPU = Debug|Any CPU
		Release|Any CPU = Release|Any CPU
	EndGlobalSection
	GlobalSection(ProjectConfigurationPlatforms) = postSolution
		{376FA8AF-BB49-4B6C-A89D-DF326A48552B}.Debug|Any CPU.ActiveCfg = Debug|Any CPU
		{376FA8AF-BB49-4B6C-A89D-DF326A48552B}.Debug|Any CPU.Build.0 = Debug|Any CPU
		{376FA8AF-BB49-4B6C-A89D-DF326A48552B}.Release|Any CPU.ActiveCfg = Release|Any CPU
		{376FA8AF-BB49-4B6C-A89D-DF326A48552B}.Release|Any CPU.Build.0 = Release|Any CPU
	EndGlobalSection
	GlobalSection(SolutionProperties) = preSolution
		HideSolutionNode = FALSE
	EndGlobalSection
	GlobalSection(ExtensibilityGlobals) = postSolution
		SolutionGuid = {EC1270BD-821D-483F-A891-4129ADDC1592}
	EndGlobalSection
EndGlobal
